// !$*UTF8*$!
{
	archiveVersion = 1;
	classes = {
	};
	objectVersion = 55;
	objects = {

/* Begin PBXBuildFile section */
		A0016D402744A221002F497E /* StoryboardedProtocol.swift in Sources */ = {isa = PBXBuildFile; fileRef = A0016D3F2744A221002F497E /* StoryboardedProtocol.swift */; };
		A0016D442744A6F9002F497E /* UIViewController+NavigationBar.swift in Sources */ = {isa = PBXBuildFile; fileRef = A0016D432744A6F9002F497E /* UIViewController+NavigationBar.swift */; };
		A0016D462744A7B1002F497E /* Colors.xcassets in Resources */ = {isa = PBXBuildFile; fileRef = A0016D452744A7B1002F497E /* Colors.xcassets */; };
		A0016D492744AEB4002F497E /* Harabara Mais Demo.otf in Resources */ = {isa = PBXBuildFile; fileRef = A0016D482744AEB4002F497E /* Harabara Mais Demo.otf */; };
		A0016D4B2745228E002F497E /* Constants.swift in Sources */ = {isa = PBXBuildFile; fileRef = A0016D4A2745228E002F497E /* Constants.swift */; };
		A0016D4E274529B5002F497E /* MeLiAPI.swift in Sources */ = {isa = PBXBuildFile; fileRef = A0016D4D274529B5002F497E /* MeLiAPI.swift */; };
		A024583E2745DBAD0038BCD4 /* MeLiAPI+Extensions.swift in Sources */ = {isa = PBXBuildFile; fileRef = A024583D2745DBAD0038BCD4 /* MeLiAPI+Extensions.swift */; };
		A02458402745DC500038BCD4 /* Extensions.swift in Sources */ = {isa = PBXBuildFile; fileRef = A024583F2745DC500038BCD4 /* Extensions.swift */; };
		A0A35F08274494A800040D8B /* AppDelegate.swift in Sources */ = {isa = PBXBuildFile; fileRef = A0A35F07274494A800040D8B /* AppDelegate.swift */; };
		A0A35F0A274494A800040D8B /* SceneDelegate.swift in Sources */ = {isa = PBXBuildFile; fileRef = A0A35F09274494A800040D8B /* SceneDelegate.swift */; };
		A0A35F0C274494A800040D8B /* ProductsListViewController.swift in Sources */ = {isa = PBXBuildFile; fileRef = A0A35F0B274494A800040D8B /* ProductsListViewController.swift */; };
		A0A35F0F274494A800040D8B /* ProductsList.storyboard in Resources */ = {isa = PBXBuildFile; fileRef = A0A35F0D274494A800040D8B /* ProductsList.storyboard */; };
		A0A35F11274494AC00040D8B /* Assets.xcassets in Resources */ = {isa = PBXBuildFile; fileRef = A0A35F10274494AC00040D8B /* Assets.xcassets */; };
		A0A35F14274494AC00040D8B /* LaunchScreen.storyboard in Resources */ = {isa = PBXBuildFile; fileRef = A0A35F12274494AC00040D8B /* LaunchScreen.storyboard */; };
/* End PBXBuildFile section */

/* Begin PBXFileReference section */
		A0016D3F2744A221002F497E /* StoryboardedProtocol.swift */ = {isa = PBXFileReference; lastKnownFileType = sourcecode.swift; path = StoryboardedProtocol.swift; sourceTree = "<group>"; };
		A0016D432744A6F9002F497E /* UIViewController+NavigationBar.swift */ = {isa = PBXFileReference; lastKnownFileType = sourcecode.swift; path = "UIViewController+NavigationBar.swift"; sourceTree = "<group>"; };
		A0016D452744A7B1002F497E /* Colors.xcassets */ = {isa = PBXFileReference; lastKnownFileType = folder.assetcatalog; path = Colors.xcassets; sourceTree = "<group>"; };
		A0016D482744AEB4002F497E /* Harabara Mais Demo.otf */ = {isa = PBXFileReference; lastKnownFileType = file; path = "Harabara Mais Demo.otf"; sourceTree = "<group>"; };
		A0016D4A2745228E002F497E /* Constants.swift */ = {isa = PBXFileReference; lastKnownFileType = sourcecode.swift; path = Constants.swift; sourceTree = "<group>"; };
		A0016D4D274529B5002F497E /* MeLiAPI.swift */ = {isa = PBXFileReference; lastKnownFileType = sourcecode.swift; path = MeLiAPI.swift; sourceTree = "<group>"; };
		A024583D2745DBAD0038BCD4 /* MeLiAPI+Extensions.swift */ = {isa = PBXFileReference; lastKnownFileType = sourcecode.swift; path = "MeLiAPI+Extensions.swift"; sourceTree = "<group>"; };
		A024583F2745DC500038BCD4 /* Extensions.swift */ = {isa = PBXFileReference; lastKnownFileType = sourcecode.swift; path = Extensions.swift; sourceTree = "<group>"; };
		A0A35F04274494A800040D8B /* MeLi.app */ = {isa = PBXFileReference; explicitFileType = wrapper.application; includeInIndex = 0; path = MeLi.app; sourceTree = BUILT_PRODUCTS_DIR; };
		A0A35F07274494A800040D8B /* AppDelegate.swift */ = {isa = PBXFileReference; lastKnownFileType = sourcecode.swift; path = AppDelegate.swift; sourceTree = "<group>"; };
		A0A35F09274494A800040D8B /* SceneDelegate.swift */ = {isa = PBXFileReference; lastKnownFileType = sourcecode.swift; path = SceneDelegate.swift; sourceTree = "<group>"; };
		A0A35F0B274494A800040D8B /* ProductsListViewController.swift */ = {isa = PBXFileReference; lastKnownFileType = sourcecode.swift; path = ProductsListViewController.swift; sourceTree = "<group>"; };
		A0A35F0E274494A800040D8B /* Base */ = {isa = PBXFileReference; lastKnownFileType = file.storyboard; name = Base; path = Base.lproj/ProductsList.storyboard; sourceTree = "<group>"; };
		A0A35F10274494AC00040D8B /* Assets.xcassets */ = {isa = PBXFileReference; lastKnownFileType = folder.assetcatalog; path = Assets.xcassets; sourceTree = "<group>"; };
		A0A35F13274494AC00040D8B /* Base */ = {isa = PBXFileReference; lastKnownFileType = file.storyboard; name = Base; path = Base.lproj/LaunchScreen.storyboard; sourceTree = "<group>"; };
		A0A35F15274494AC00040D8B /* Info.plist */ = {isa = PBXFileReference; lastKnownFileType = text.plist.xml; path = Info.plist; sourceTree = "<group>"; };
/* End PBXFileReference section */

/* Begin PBXFrameworksBuildPhase section */
		A0A35F01274494A800040D8B /* Frameworks */ = {
			isa = PBXFrameworksBuildPhase;
			buildActionMask = 2147483647;
			files = (
			);
			runOnlyForDeploymentPostprocessing = 0;
		};
/* End PBXFrameworksBuildPhase section */

/* Begin PBXGroup section */
		A0016D3827449FD1002F497E /* Modules */ = {
			isa = PBXGroup;
			children = (
				A0016D3927449FDB002F497E /* Search */,
			);
			path = Modules;
			sourceTree = "<group>";
		};
		A0016D3927449FDB002F497E /* Search */ = {
			isa = PBXGroup;
			children = (
				A0016D3B27449FE9002F497E /* Model */,
				A0016D3A27449FE3002F497E /* View */,
				A0016D3C27449FF0002F497E /* ViewModel */,
				A0016D4F27452DEF002F497E /* Connection */,
			);
			path = Search;
			sourceTree = "<group>";
		};
		A0016D3A27449FE3002F497E /* View */ = {
			isa = PBXGroup;
			children = (
				A0A35F0B274494A800040D8B /* ProductsListViewController.swift */,
				A0A35F0D274494A800040D8B /* ProductsList.storyboard */,
			);
			path = View;
			sourceTree = "<group>";
		};
		A0016D3B27449FE9002F497E /* Model */ = {
			isa = PBXGroup;
			children = (
			);
			path = Model;
			sourceTree = "<group>";
		};
		A0016D3C27449FF0002F497E /* ViewModel */ = {
			isa = PBXGroup;
			children = (
			);
			path = ViewModel;
			sourceTree = "<group>";
		};
		A0016D3D2744A1EB002F497E /* App */ = {
			isa = PBXGroup;
			children = (
				A0A35F07274494A800040D8B /* AppDelegate.swift */,
				A0A35F09274494A800040D8B /* SceneDelegate.swift */,
				A0A35F10274494AC00040D8B /* Assets.xcassets */,
				A0016D452744A7B1002F497E /* Colors.xcassets */,
				A0A35F12274494AC00040D8B /* LaunchScreen.storyboard */,
				A0A35F15274494AC00040D8B /* Info.plist */,
				A0016D3E2744A1FC002F497E /* Utils */,
				A0016D472744AE8D002F497E /* Fonts */,
			);
			path = App;
			sourceTree = "<group>";
		};
		A0016D3E2744A1FC002F497E /* Utils */ = {
			isa = PBXGroup;
			children = (
				A0016D3F2744A221002F497E /* StoryboardedProtocol.swift */,
				A0016D432744A6F9002F497E /* UIViewController+NavigationBar.swift */,
				A0016D4A2745228E002F497E /* Constants.swift */,
				A024583F2745DC500038BCD4 /* Extensions.swift */,
			);
			path = Utils;
			sourceTree = "<group>";
		};
		A0016D472744AE8D002F497E /* Fonts */ = {
			isa = PBXGroup;
			children = (
				A0016D482744AEB4002F497E /* Harabara Mais Demo.otf */,
			);
			path = Fonts;
			sourceTree = "<group>";
		};
		A0016D4C2745299F002F497E /* MeLiAPI */ = {
			isa = PBXGroup;
			children = (
				A0016D4D274529B5002F497E /* MeLiAPI.swift */,
				A024583D2745DBAD0038BCD4 /* MeLiAPI+Extensions.swift */,
			);
			path = MeLiAPI;
			sourceTree = "<group>";
		};
		A0016D4F27452DEF002F497E /* Connection */ = {
			isa = PBXGroup;
			children = (
			);
			path = Connection;
			sourceTree = "<group>";
		};
		A0A35EFB274494A800040D8B = {
			isa = PBXGroup;
			children = (
				A0A35F06274494A800040D8B /* MeLi */,
				A0A35F05274494A800040D8B /* Products */,
			);
			sourceTree = "<group>";
		};
		A0A35F05274494A800040D8B /* Products */ = {
			isa = PBXGroup;
			children = (
				A0A35F04274494A800040D8B /* MeLi.app */,
			);
			name = Products;
			sourceTree = "<group>";
		};
		A0A35F06274494A800040D8B /* MeLi */ = {
			isa = PBXGroup;
			children = (
				A0016D4C2745299F002F497E /* MeLiAPI */,
				A0016D3D2744A1EB002F497E /* App */,
				A0016D3827449FD1002F497E /* Modules */,
			);
			path = MeLi;
			sourceTree = "<group>";
		};
/* End PBXGroup section */

/* Begin PBXNativeTarget section */
		A0A35F03274494A800040D8B /* MeLi */ = {
			isa = PBXNativeTarget;
			buildConfigurationList = A0A35F18274494AC00040D8B /* Build configuration list for PBXNativeTarget "MeLi" */;
			buildPhases = (
				A0A35F00274494A800040D8B /* Sources */,
				A0A35F01274494A800040D8B /* Frameworks */,
				A0A35F02274494A800040D8B /* Resources */,
			);
			buildRules = (
			);
			dependencies = (
			);
			name = MeLi;
			productName = MeLi;
			productReference = A0A35F04274494A800040D8B /* MeLi.app */;
			productType = "com.apple.product-type.application";
		};
/* End PBXNativeTarget section */

/* Begin PBXProject section */
		A0A35EFC274494A800040D8B /* Project object */ = {
			isa = PBXProject;
			attributes = {
				BuildIndependentTargetsInParallel = 1;
				LastSwiftUpdateCheck = 1300;
				LastUpgradeCheck = 1300;
				TargetAttributes = {
					A0A35F03274494A800040D8B = {
						CreatedOnToolsVersion = 13.0;
					};
				};
			};
			buildConfigurationList = A0A35EFF274494A800040D8B /* Build configuration list for PBXProject "MeLi" */;
			compatibilityVersion = "Xcode 13.0";
			developmentRegion = en;
			hasScannedForEncodings = 0;
			knownRegions = (
				en,
				Base,
			);
			mainGroup = A0A35EFB274494A800040D8B;
			productRefGroup = A0A35F05274494A800040D8B /* Products */;
			projectDirPath = "";
			projectRoot = "";
			targets = (
				A0A35F03274494A800040D8B /* MeLi */,
			);
		};
/* End PBXProject section */

/* Begin PBXResourcesBuildPhase section */
		A0A35F02274494A800040D8B /* Resources */ = {
			isa = PBXResourcesBuildPhase;
			buildActionMask = 2147483647;
			files = (
				A0A35F14274494AC00040D8B /* LaunchScreen.storyboard in Resources */,
				A0016D462744A7B1002F497E /* Colors.xcassets in Resources */,
				A0A35F11274494AC00040D8B /* Assets.xcassets in Resources */,
				A0A35F0F274494A800040D8B /* ProductsList.storyboard in Resources */,
				A0016D492744AEB4002F497E /* Harabara Mais Demo.otf in Resources */,
			);
			runOnlyForDeploymentPostprocessing = 0;
		};
/* End PBXResourcesBuildPhase section */

/* Begin PBXSourcesBuildPhase section */
		A0A35F00274494A800040D8B /* Sources */ = {
			isa = PBXSourcesBuildPhase;
			buildActionMask = 2147483647;
			files = (
				A0A35F0C274494A800040D8B /* ProductsListViewController.swift in Sources */,
				A0016D402744A221002F497E /* StoryboardedProtocol.swift in Sources */,
				A0016D4E274529B5002F497E /* MeLiAPI.swift in Sources */,
				A024583E2745DBAD0038BCD4 /* MeLiAPI+Extensions.swift in Sources */,
				A0A35F08274494A800040D8B /* AppDelegate.swift in Sources */,
				A0016D4B2745228E002F497E /* Constants.swift in Sources */,
				A0016D442744A6F9002F497E /* UIViewController+NavigationBar.swift in Sources */,
				A0A35F0A274494A800040D8B /* SceneDelegate.swift in Sources */,
				A02458402745DC500038BCD4 /* Extensions.swift in Sources */,
			);
			runOnlyForDeploymentPostprocessing = 0;
		};
/* End PBXSourcesBuildPhase section */

/* Begin PBXVariantGroup section */
		A0A35F0D274494A800040D8B /* ProductsList.storyboard */ = {
			isa = PBXVariantGroup;
			children = (
				A0A35F0E274494A800040D8B /* Base */,
			);
			name = ProductsList.storyboard;
			sourceTree = "<group>";
		};
		A0A35F12274494AC00040D8B /* LaunchScreen.storyboard */ = {
			isa = PBXVariantGroup;
			children = (
				A0A35F13274494AC00040D8B /* Base */,
			);
			name = LaunchScreen.storyboard;
			sourceTree = "<group>";
		};
/* End PBXVariantGroup section */

/* Begin XCBuildConfiguration section */
		A0A35F16274494AC00040D8B /* Debug */ = {
			isa = XCBuildConfiguration;
			buildSettings = {
				ALWAYS_SEARCH_USER_PATHS = NO;
				CLANG_ANALYZER_NONNULL = YES;
				CLANG_ANALYZER_NUMBER_OBJECT_CONVERSION = YES_AGGRESSIVE;
				CLANG_CXX_LANGUAGE_STANDARD = "gnu++17";
				CLANG_CXX_LIBRARY = "libc++";
				CLANG_ENABLE_MODULES = YES;
				CLANG_ENABLE_OBJC_ARC = YES;
				CLANG_ENABLE_OBJC_WEAK = YES;
				CLANG_WARN_BLOCK_CAPTURE_AUTORELEASING = YES;
				CLANG_WARN_BOOL_CONVERSION = YES;
				CLANG_WARN_COMMA = YES;
				CLANG_WARN_CONSTANT_CONVERSION = YES;
				CLANG_WARN_DEPRECATED_OBJC_IMPLEMENTATIONS = YES;
				CLANG_WARN_DIRECT_OBJC_ISA_USAGE = YES_ERROR;
				CLANG_WARN_DOCUMENTATION_COMMENTS = YES;
				CLANG_WARN_EMPTY_BODY = YES;
				CLANG_WARN_ENUM_CONVERSION = YES;
				CLANG_WARN_INFINITE_RECURSION = YES;
				CLANG_WARN_INT_CONVERSION = YES;
				CLANG_WARN_NON_LITERAL_NULL_CONVERSION = YES;
				CLANG_WARN_OBJC_IMPLICIT_RETAIN_SELF = YES;
				CLANG_WARN_OBJC_LITERAL_CONVERSION = YES;
				CLANG_WARN_OBJC_ROOT_CLASS = YES_ERROR;
				CLANG_WARN_QUOTED_INCLUDE_IN_FRAMEWORK_HEADER = YES;
				CLANG_WARN_RANGE_LOOP_ANALYSIS = YES;
				CLANG_WARN_STRICT_PROTOTYPES = YES;
				CLANG_WARN_SUSPICIOUS_MOVE = YES;
				CLANG_WARN_UNGUARDED_AVAILABILITY = YES_AGGRESSIVE;
				CLANG_WARN_UNREACHABLE_CODE = YES;
				CLANG_WARN__DUPLICATE_METHOD_MATCH = YES;
				COPY_PHASE_STRIP = NO;
				DEBUG_INFORMATION_FORMAT = dwarf;
				ENABLE_STRICT_OBJC_MSGSEND = YES;
				ENABLE_TESTABILITY = YES;
				GCC_C_LANGUAGE_STANDARD = gnu11;
				GCC_DYNAMIC_NO_PIC = NO;
				GCC_NO_COMMON_BLOCKS = YES;
				GCC_OPTIMIZATION_LEVEL = 0;
				GCC_PREPROCESSOR_DEFINITIONS = (
					"DEBUG=1",
					"$(inherited)",
				);
				GCC_WARN_64_TO_32_BIT_CONVERSION = YES;
				GCC_WARN_ABOUT_RETURN_TYPE = YES_ERROR;
				GCC_WARN_UNDECLARED_SELECTOR = YES;
				GCC_WARN_UNINITIALIZED_AUTOS = YES_AGGRESSIVE;
				GCC_WARN_UNUSED_FUNCTION = YES;
				GCC_WARN_UNUSED_VARIABLE = YES;
				IPHONEOS_DEPLOYMENT_TARGET = 15.0;
				MTL_ENABLE_DEBUG_INFO = INCLUDE_SOURCE;
				MTL_FAST_MATH = YES;
				ONLY_ACTIVE_ARCH = YES;
				SDKROOT = iphoneos;
				SWIFT_ACTIVE_COMPILATION_CONDITIONS = DEBUG;
				SWIFT_OPTIMIZATION_LEVEL = "-Onone";
			};
			name = Debug;
		};
		A0A35F17274494AC00040D8B /* Release */ = {
			isa = XCBuildConfiguration;
			buildSettings = {
				ALWAYS_SEARCH_USER_PATHS = NO;
				CLANG_ANALYZER_NONNULL = YES;
				CLANG_ANALYZER_NUMBER_OBJECT_CONVERSION = YES_AGGRESSIVE;
				CLANG_CXX_LANGUAGE_STANDARD = "gnu++17";
				CLANG_CXX_LIBRARY = "libc++";
				CLANG_ENABLE_MODULES = YES;
				CLANG_ENABLE_OBJC_ARC = YES;
				CLANG_ENABLE_OBJC_WEAK = YES;
				CLANG_WARN_BLOCK_CAPTURE_AUTORELEASING = YES;
				CLANG_WARN_BOOL_CONVERSION = YES;
				CLANG_WARN_COMMA = YES;
				CLANG_WARN_CONSTANT_CONVERSION = YES;
				CLANG_WARN_DEPRECATED_OBJC_IMPLEMENTATIONS = YES;
				CLANG_WARN_DIRECT_OBJC_ISA_USAGE = YES_ERROR;
				CLANG_WARN_DOCUMENTATION_COMMENTS = YES;
				CLANG_WARN_EMPTY_BODY = YES;
				CLANG_WARN_ENUM_CONVERSION = YES;
				CLANG_WARN_INFINITE_RECURSION = YES;
				CLANG_WARN_INT_CONVERSION = YES;
				CLANG_WARN_NON_LITERAL_NULL_CONVERSION = YES;
				CLANG_WARN_OBJC_IMPLICIT_RETAIN_SELF = YES;
				CLANG_WARN_OBJC_LITERAL_CONVERSION = YES;
				CLANG_WARN_OBJC_ROOT_CLASS = YES_ERROR;
				CLANG_WARN_QUOTED_INCLUDE_IN_FRAMEWORK_HEADER = YES;
				CLANG_WARN_RANGE_LOOP_ANALYSIS = YES;
				CLANG_WARN_STRICT_PROTOTYPES = YES;
				CLANG_WARN_SUSPICIOUS_MOVE = YES;
				CLANG_WARN_UNGUARDED_AVAILABILITY = YES_AGGRESSIVE;
				CLANG_WARN_UNREACHABLE_CODE = YES;
				CLANG_WARN__DUPLICATE_METHOD_MATCH = YES;
				COPY_PHASE_STRIP = NO;
				DEBUG_INFORMATION_FORMAT = "dwarf-with-dsym";
				ENABLE_NS_ASSERTIONS = NO;
				ENABLE_STRICT_OBJC_MSGSEND = YES;
				GCC_C_LANGUAGE_STANDARD = gnu11;
				GCC_NO_COMMON_BLOCKS = YES;
				GCC_WARN_64_TO_32_BIT_CONVERSION = YES;
				GCC_WARN_ABOUT_RETURN_TYPE = YES_ERROR;
				GCC_WARN_UNDECLARED_SELECTOR = YES;
				GCC_WARN_UNINITIALIZED_AUTOS = YES_AGGRESSIVE;
				GCC_WARN_UNUSED_FUNCTION = YES;
				GCC_WARN_UNUSED_VARIABLE = YES;
				IPHONEOS_DEPLOYMENT_TARGET = 15.0;
				MTL_ENABLE_DEBUG_INFO = NO;
				MTL_FAST_MATH = YES;
				SDKROOT = iphoneos;
				SWIFT_COMPILATION_MODE = wholemodule;
				SWIFT_OPTIMIZATION_LEVEL = "-O";
				VALIDATE_PRODUCT = YES;
			};
			name = Release;
		};
		A0A35F19274494AC00040D8B /* Debug */ = {
			isa = XCBuildConfiguration;
			buildSettings = {
				ASSETCATALOG_COMPILER_APPICON_NAME = AppIcon;
				ASSETCATALOG_COMPILER_GLOBAL_ACCENT_COLOR_NAME = AccentColor;
				CODE_SIGN_STYLE = Automatic;
				CURRENT_PROJECT_VERSION = 1;
				DEVELOPMENT_TEAM = V8BCKJ57FF;
				GENERATE_INFOPLIST_FILE = YES;
				INFOPLIST_FILE = MeLi/App/Info.plist;
				INFOPLIST_KEY_UIApplicationSupportsIndirectInputEvents = YES;
				INFOPLIST_KEY_UILaunchStoryboardName = LaunchScreen;
				INFOPLIST_KEY_UIMainStoryboardFile = ProductsList;
				INFOPLIST_KEY_UISupportedInterfaceOrientations = UIInterfaceOrientationPortrait;
				INFOPLIST_KEY_UISupportedInterfaceOrientations_iPad = "UIInterfaceOrientationPortrait UIInterfaceOrientationPortraitUpsideDown UIInterfaceOrientationLandscapeLeft UIInterfaceOrientationLandscapeRight";
				INFOPLIST_KEY_UISupportedInterfaceOrientations_iPhone = "UIInterfaceOrientationPortrait UIInterfaceOrientationLandscapeLeft UIInterfaceOrientationLandscapeRight";
				IPHONEOS_DEPLOYMENT_TARGET = 14.0;
				LD_RUNPATH_SEARCH_PATHS = (
					"$(inherited)",
					"@executable_path/Frameworks",
				);
				MARKETING_VERSION = 1.0;
				PRODUCT_BUNDLE_IDENTIFIER = com.eandrade.MeLi;
				PRODUCT_NAME = "$(TARGET_NAME)";
				SWIFT_EMIT_LOC_STRINGS = YES;
				SWIFT_VERSION = 5.0;
				TARGETED_DEVICE_FAMILY = 1;
			};
			name = Debug;
		};
		A0A35F1A274494AC00040D8B /* Release */ = {
			isa = XCBuildConfiguration;
			buildSettings = {
				ASSETCATALOG_COMPILER_APPICON_NAME = AppIcon;
				ASSETCATALOG_COMPILER_GLOBAL_ACCENT_COLOR_NAME = AccentColor;
				CODE_SIGN_STYLE = Automatic;
				CURRENT_PROJECT_VERSION = 1;
				DEVELOPMENT_TEAM = V8BCKJ57FF;
				GENERATE_INFOPLIST_FILE = YES;
				INFOPLIST_FILE = MeLi/App/Info.plist;
				INFOPLIST_KEY_UIApplicationSupportsIndirectInputEvents = YES;
				INFOPLIST_KEY_UILaunchStoryboardName = LaunchScreen;
				INFOPLIST_KEY_UIMainStoryboardFile = ProductsList;
				INFOPLIST_KEY_UISupportedInterfaceOrientations = UIInterfaceOrientationPortrait;
				INFOPLIST_KEY_UISupportedInterfaceOrientations_iPad = "UIInterfaceOrientationPortrait UIInterfaceOrientationPortraitUpsideDown UIInterfaceOrientationLandscapeLeft UIInterfaceOrientationLandscapeRight";
				INFOPLIST_KEY_UISupportedInterfaceOrientations_iPhone = "UIInterfaceOrientationPortrait UIInterfaceOrientationLandscapeLeft UIInterfaceOrientationLandscapeRight";
				IPHONEOS_DEPLOYMENT_TARGET = 14.0;
				LD_RUNPATH_SEARCH_PATHS = (
					"$(inherited)",
					"@executable_path/Frameworks",
				);
				MARKETING_VERSION = 1.0;
				PRODUCT_BUNDLE_IDENTIFIER = com.eandrade.MeLi;
				PRODUCT_NAME = "$(TARGET_NAME)";
				SWIFT_EMIT_LOC_STRINGS = YES;
				SWIFT_VERSION = 5.0;
				TARGETED_DEVICE_FAMILY = 1;
			};
			name = Release;
		};
/* End XCBuildConfiguration section */

/* Begin XCConfigurationList section */
		A0A35EFF274494A800040D8B /* Build configuration list for PBXProject "MeLi" */ = {
			isa = XCConfigurationList;
			buildConfigurations = (
				A0A35F16274494AC00040D8B /* Debug */,
				A0A35F17274494AC00040D8B /* Release */,
			);
			defaultConfigurationIsVisible = 0;
			defaultConfigurationName = Release;
		};
		A0A35F18274494AC00040D8B /* Build configuration list for PBXNativeTarget "MeLi" */ = {
			isa = XCConfigurationList;
			buildConfigurations = (
				A0A35F19274494AC00040D8B /* Debug */,
				A0A35F1A274494AC00040D8B /* Release */,
			);
			defaultConfigurationIsVisible = 0;
			defaultConfigurationName = Release;
		};
/* End XCConfigurationList section */
	};
	rootObject = A0A35EFC274494A800040D8B /* Project object */;
}
